
Microsoft Visual Studio Solution File, Format Version 12.00
# Visual Studio Version 16
VisualStudioVersion = 16.0.30611.23
MinimumVisualStudioVersion = 10.0.40219.1
Project("{FAE04EC0-301F-11D3-BF4B-00C04F79EFBC}") = "ConsoleApp3", "ConsoleApp3\ConsoleApp3.csproj", "{D453AD33-DD86-4F7B-89BB-CB676BD125BA}"
EndProject
Global
	GlobalSection(SolutionConfigurationPlatforms) = preSolution
		Debug|Any CPU = Debug|Any CPU
		Release|Any CPU = Release|Any CPU
	EndGlobalSection
	GlobalSection(ProjectConfigurationPlatforms) = postSolution
		{D453AD33-DD86-4F7B-89BB-CB676BD125BA}.Debug|Any CPU.ActiveCfg = Debug|Any CPU
		{D453AD33-DD86-4F7B-89BB-CB676BD125BA}.Debug|Any CPU.Build.0 = Debug|Any CPU
		{D453AD33-DD86-4F7B-89BB-CB676BD125BA}.Release|Any CPU.ActiveCfg = Release|Any CPU
		{D453AD33-DD86-4F7B-89BB-CB676BD125BA}.Release|Any CPU.Build.0 = Release|Any CPU
	EndGlobalSection
	GlobalSection(SolutionProperties) = preSolution
		HideSolutionNode = FALSE
	EndGlobalSection
	GlobalSection(ExtensibilityGlobals) = postSolution
		SolutionGuid = {53AEE4BF-1779-4FFD-A292-75E0900DE68D}
	EndGlobalSection
EndGlobal
